
Microsoft Visual Studio Solution File, Format Version 12.00
# Visual Studio 2015
Project("{FAE04EC0-301F-11D3-BF4B-00C04F79EFBC}") = "WifiFrequency.Plugins", "WifiFrequency.Plugins.csproj", "{207E8F7F-66EC-D75E-1179-4EC1A5413EEE}"
EndProject
Project("{FAE04EC0-301F-11D3-BF4B-00C04F79EFBC}") = "WifiFrequency", "WifiFrequency.csproj", "{5D01EF61-19F5-800B-1F83-BCFA17EBCD90}"
EndProject
Project("{FAE04EC0-301F-11D3-BF4B-00C04F79EFBC}") = "WifiFrequency.Editor.Plugins", "WifiFrequency.Editor.Plugins.csproj", "{CFE11616-7219-9ABC-AADC-663AAB437DA9}"
EndProject
Global
	GlobalSection(SolutionConfigurationPlatforms) = preSolution
		Debug|Any CPU = Debug|Any CPU
		Release|Any CPU = Release|Any CPU
	EndGlobalSection
	GlobalSection(ProjectConfigurationPlatforms) = postSolution
		{207E8F7F-66EC-D75E-1179-4EC1A5413EEE}.Debug|Any CPU.ActiveCfg = Debug|Any CPU
		{207E8F7F-66EC-D75E-1179-4EC1A5413EEE}.Debug|Any CPU.Build.0 = Debug|Any CPU
		{207E8F7F-66EC-D75E-1179-4EC1A5413EEE}.Release|Any CPU.ActiveCfg = Release|Any CPU
		{207E8F7F-66EC-D75E-1179-4EC1A5413EEE}.Release|Any CPU.Build.0 = Release|Any CPU
		{5D01EF61-19F5-800B-1F83-BCFA17EBCD90}.Debug|Any CPU.ActiveCfg = Debug|Any CPU
		{5D01EF61-19F5-800B-1F83-BCFA17EBCD90}.Debug|Any CPU.Build.0 = Debug|Any CPU
		{5D01EF61-19F5-800B-1F83-BCFA17EBCD90}.Release|Any CPU.ActiveCfg = Release|Any CPU
		{5D01EF61-19F5-800B-1F83-BCFA17EBCD90}.Release|Any CPU.Build.0 = Release|Any CPU
		{CFE11616-7219-9ABC-AADC-663AAB437DA9}.Debug|Any CPU.ActiveCfg = Debug|Any CPU
		{CFE11616-7219-9ABC-AADC-663AAB437DA9}.Debug|Any CPU.Build.0 = Debug|Any CPU
		{CFE11616-7219-9ABC-AADC-663AAB437DA9}.Release|Any CPU.ActiveCfg = Release|Any CPU
		{CFE11616-7219-9ABC-AADC-663AAB437DA9}.Release|Any CPU.Build.0 = Release|Any CPU
	EndGlobalSection
	GlobalSection(SolutionProperties) = preSolution
		HideSolutionNode = FALSE
	EndGlobalSection
EndGlobal
